
Microsoft Visual Studio Solution File, Format Version 12.00
# Visual Studio Version 16
VisualStudioVersion = 16.0.30114.105
MinimumVisualStudioVersion = 10.0.40219.1
Project("{FAE04EC0-301F-11D3-BF4B-00C04F79EFBC}") = "WithPattern.Application", "WithPattern.Application\WithPattern.Application.csproj", "{B1E1A236-B1D9-412A-882E-02EC99EEEEE1}"
EndProject
Project("{FAE04EC0-301F-11D3-BF4B-00C04F79EFBC}") = "WithPattern.Domain", "WithPattern.Domain\WithPattern.Domain.csproj", "{6BD0FF67-D29D-4638-856D-10D300FAAAA4}"
EndProject
Project("{FAE04EC0-301F-11D3-BF4B-00C04F79EFBC}") = "WithPattern.WebApi", "WithPattern.WebApi\WithPattern.WebApi.csproj", "{2577BB7C-D7DD-415D-B14B-C98A036D5D49}"
EndProject
Global
	GlobalSection(SolutionConfigurationPlatforms) = preSolution
		Debug|Any CPU = Debug|Any CPU
		Release|Any CPU = Release|Any CPU
	EndGlobalSection
	GlobalSection(SolutionProperties) = preSolution
		HideSolutionNode = FALSE
	EndGlobalSection
	GlobalSection(ProjectConfigurationPlatforms) = postSolution
		{B1E1A236-B1D9-412A-882E-02EC99EEEEE1}.Debug|Any CPU.ActiveCfg = Debug|Any CPU
		{B1E1A236-B1D9-412A-882E-02EC99EEEEE1}.Debug|Any CPU.Build.0 = Debug|Any CPU
		{B1E1A236-B1D9-412A-882E-02EC99EEEEE1}.Release|Any CPU.ActiveCfg = Release|Any CPU
		{B1E1A236-B1D9-412A-882E-02EC99EEEEE1}.Release|Any CPU.Build.0 = Release|Any CPU
		{6BD0FF67-D29D-4638-856D-10D300FAAAA4}.Debug|Any CPU.ActiveCfg = Debug|Any CPU
		{6BD0FF67-D29D-4638-856D-10D300FAAAA4}.Debug|Any CPU.Build.0 = Debug|Any CPU
		{6BD0FF67-D29D-4638-856D-10D300FAAAA4}.Release|Any CPU.ActiveCfg = Release|Any CPU
		{6BD0FF67-D29D-4638-856D-10D300FAAAA4}.Release|Any CPU.Build.0 = Release|Any CPU
		{2577BB7C-D7DD-415D-B14B-C98A036D5D49}.Debug|Any CPU.ActiveCfg = Debug|Any CPU
		{2577BB7C-D7DD-415D-B14B-C98A036D5D49}.Debug|Any CPU.Build.0 = Debug|Any CPU
		{2577BB7C-D7DD-415D-B14B-C98A036D5D49}.Release|Any CPU.ActiveCfg = Release|Any CPU
		{2577BB7C-D7DD-415D-B14B-C98A036D5D49}.Release|Any CPU.Build.0 = Release|Any CPU
	EndGlobalSection
EndGlobal
